
Microsoft Visual Studio Solution File, Format Version 12.00
# Visual Studio Version 16
VisualStudioVersion = 16.0.31829.152
MinimumVisualStudioVersion = 10.0.40219.1
Project("{FAE04EC0-301F-11D3-BF4B-00C04F79EFBC}") = "Lab_3_zadanie_v2", "Lab_3_zadanie_v2.csproj", "{82EA0B89-8133-48CE-B746-FF9E4D701E8E}"
EndProject
Global
	GlobalSection(SolutionConfigurationPlatforms) = preSolution
		Debug|Any CPU = Debug|Any CPU
		Release|Any CPU = Release|Any CPU
	EndGlobalSection
	GlobalSection(ProjectConfigurationPlatforms) = postSolution
		{82EA0B89-8133-48CE-B746-FF9E4D701E8E}.Debug|Any CPU.ActiveCfg = Debug|Any CPU
		{82EA0B89-8133-48CE-B746-FF9E4D701E8E}.Debug|Any CPU.Build.0 = Debug|Any CPU
		{82EA0B89-8133-48CE-B746-FF9E4D701E8E}.Release|Any CPU.ActiveCfg = Release|Any CPU
		{82EA0B89-8133-48CE-B746-FF9E4D701E8E}.Release|Any CPU.Build.0 = Release|Any CPU
	EndGlobalSection
	GlobalSection(SolutionProperties) = preSolution
		HideSolutionNode = FALSE
	EndGlobalSection
	GlobalSection(ExtensibilityGlobals) = postSolution
		SolutionGuid = {54D1863D-491F-4683-8310-AA2E715942F4}
	EndGlobalSection
EndGlobal
